{
  "name": "nativescript-mqtt",
  "version": "0.0.1",
  "lockfileVersion": 1,
  "requires": true,
  "dependencies": {
    "nativescript-websockets": {
      "version": "1.3.3",
      "resolved": "https://registry.npmjs.org/nativescript-websockets/-/nativescript-websockets-1.3.3.tgz",
      "integrity": "sha1-/l0lOT8YxshTMwi7OeeHUr0bxJo="
    },
    "paho-mqtt": {
      "version": "1.0.3",
      "resolved": "https://registry.npmjs.org/paho-mqtt/-/paho-mqtt-1.0.3.tgz",
      "integrity": "sha1-Pn/2n/C2CNQ5RrAvmQtdYBDZ6qE="
    }
  }
}
